
Microsoft Visual Studio Solution File, Format Version 12.00
# Visual Studio Version 16
VisualStudioVersion = 16.0.31515.178
MinimumVisualStudioVersion = 10.0.40219.1
Project("{888888A0-9F3D-457C-B088-3A5042F75D52}") = "WK4Lab2 - Country", "WK4Lab2 - Country.pyproj", "{86551903-F64B-4E72-8DE7-21F0F3373768}"
EndProject
Global
	GlobalSection(SolutionConfigurationPlatforms) = preSolution
		Debug|Any CPU = Debug|Any CPU
		Release|Any CPU = Release|Any CPU
	EndGlobalSection
	GlobalSection(ProjectConfigurationPlatforms) = postSolution
		{86551903-F64B-4E72-8DE7-21F0F3373768}.Debug|Any CPU.ActiveCfg = Debug|Any CPU
		{86551903-F64B-4E72-8DE7-21F0F3373768}.Release|Any CPU.ActiveCfg = Release|Any CPU
	EndGlobalSection
	GlobalSection(SolutionProperties) = preSolution
		HideSolutionNode = FALSE
	EndGlobalSection
	GlobalSection(ExtensibilityGlobals) = postSolution
		SolutionGuid = {F4288CC3-AAE7-4693-A0FF-6CE39421F324}
	EndGlobalSection
EndGlobal
